# THIS IS AN AUTOGENERATED FILE. DO NOT EDIT THIS FILE DIRECTLY.
# yarn lockfile v1


"@types/fs-extra@^9.0.1":
  version "9.0.13"
  resolved "https://registry.npmmirror.com/@types/fs-extra/-/fs-extra-9.0.13.tgz#7594fbae04fe7f1918ce8b3d213f74ff44ac1f45"
  integrity sha512-nEnwB++1u5lVDM2UI4c1+5R+FYaKfaAzS4OococimjVm3nQw3TuzH5UNsocrcTBbhnerblyHj4A49qXbIiZdpA==
  dependencies:
    "@types/node" "*"

"@types/node@*":
  version "18.0.5"
  resolved "https://registry.npmmirror.com/@types/node/-/node-18.0.5.tgz#96be8113b014e9e7f0c3609c4a25afadd85ff659"
  integrity sha512-En7tneq+j0qAiVwysBD79y86MT3ModuoIJbe7JXp+sb5UAjInSShmK3nXXMioBzfF7rXC12hv12d4IyCVwN4dA==

"@types/node@^16.11.12":
  version "16.11.45"
  resolved "https://registry.npmmirror.com/@types/node/-/node-16.11.45.tgz#155b13a33c665ef2b136f7f245fa525da419e810"
  integrity sha512-3rKg/L5x0rofKuuUt5zlXzOnKyIHXmIu5R8A0TuNDMF2062/AOIDBciFIjToLEJ/9F9DzkHNot+BpNsMI1OLdQ==
